// !$*UTF8*$!
{
	archiveVersion = 1;
	classes = {
	};
	objectVersion = 51;
	objects = {

/* Begin PBXBuildFile section */
		06829AC6D162D2618FBD25B2 /* Pods_Wayland_Civil_WarTests.framework in Frameworks */ = {isa = PBXBuildFile; fileRef = 2152C10D78C6FFE5826BDE00 /* Pods_Wayland_Civil_WarTests.framework */; };
		0F38660223C632F20042B0CB /* CustomButton.swift in Sources */ = {isa = PBXBuildFile; fileRef = 0F3865FE23C632F10042B0CB /* CustomButton.swift */; };
		0F38660323C632F20042B0CB /* OnOffButton.swift in Sources */ = {isa = PBXBuildFile; fileRef = 0F3865FF23C632F10042B0CB /* OnOffButton.swift */; };
		0F38660423C632F20042B0CB /* PopUpViewController.swift in Sources */ = {isa = PBXBuildFile; fileRef = 0F38660023C632F10042B0CB /* PopUpViewController.swift */; };
		0F38660723C633040042B0CB /* Main.storyboard in Resources */ = {isa = PBXBuildFile; fileRef = 0F38660623C633040042B0CB /* Main.storyboard */; };
		0F38661123D15B430042B0CB /* ProfileViewController.swift in Sources */ = {isa = PBXBuildFile; fileRef = 0F38661023D15B430042B0CB /* ProfileViewController.swift */; };
		0F38661923D8BC0C0042B0CB /* CardViewViewController.swift in Sources */ = {isa = PBXBuildFile; fileRef = 0F38661823D8BC0C0042B0CB /* CardViewViewController.swift */; };
		0F38661B23DF5F350042B0CB /* ShopViewController.swift in Sources */ = {isa = PBXBuildFile; fileRef = 0F38661A23DF5F350042B0CB /* ShopViewController.swift */; };
		6886631423ABF2E30040E200 /* LoadingScreenViewController.swift in Sources */ = {isa = PBXBuildFile; fileRef = 6886631323ABF2E30040E200 /* LoadingScreenViewController.swift */; };
		6A56DE5D23AD8C29008A0C8F /* GoogleService-Info.plist in Resources */ = {isa = PBXBuildFile; fileRef = 6A56DE5C23AD8C29008A0C8F /* GoogleService-Info.plist */; };
		6A56DE6123ADE57E008A0C8F /* overlay.json in Resources */ = {isa = PBXBuildFile; fileRef = 6A56DE6023ADE57E008A0C8F /* overlay.json */; };
		6A911AD823ADEF9400FF2ED7 /* Game Test.gpx in Resources */ = {isa = PBXBuildFile; fileRef = 6A911AD723ADEF8E00FF2ED7 /* Game Test.gpx */; };
		844FC822BBA76AE87553D8EE /* Pods_Wayland_Civil_War.framework in Frameworks */ = {isa = PBXBuildFile; fileRef = 935C2707242005713C5EA5FF /* Pods_Wayland_Civil_War.framework */; };
		CBAEB5B323999950009F054F /* AppDelegate.swift in Sources */ = {isa = PBXBuildFile; fileRef = CBAEB5B223999950009F054F /* AppDelegate.swift */; };
		CBAEB5B523999950009F054F /* SceneDelegate.swift in Sources */ = {isa = PBXBuildFile; fileRef = CBAEB5B423999950009F054F /* SceneDelegate.swift */; };
		CBAEB5B723999950009F054F /* MapViewController.swift in Sources */ = {isa = PBXBuildFile; fileRef = CBAEB5B623999950009F054F /* MapViewController.swift */; };
		CBAEB5BC23999953009F054F /* Assets.xcassets in Resources */ = {isa = PBXBuildFile; fileRef = CBAEB5BB23999953009F054F /* Assets.xcassets */; };
		CBAEB5BF23999953009F054F /* LaunchScreen.storyboard in Resources */ = {isa = PBXBuildFile; fileRef = CBAEB5BD23999953009F054F /* LaunchScreen.storyboard */; };
		CBAEB5CA23999953009F054F /* Wayland_Civil_WarTests.swift in Sources */ = {isa = PBXBuildFile; fileRef = CBAEB5C923999953009F054F /* Wayland_Civil_WarTests.swift */; };
		CBAEB5D523999953009F054F /* Wayland_Civil_WarUITests.swift in Sources */ = {isa = PBXBuildFile; fileRef = CBAEB5D423999953009F054F /* Wayland_Civil_WarUITests.swift */; };
		D7AFB5FE104BF59AD2290016 /* Pods_Wayland_Civil_War_Wayland_Civil_WarUITests.framework in Frameworks */ = {isa = PBXBuildFile; fileRef = B05833378A493FC519981CDB /* Pods_Wayland_Civil_War_Wayland_Civil_WarUITests.framework */; };
/* End PBXBuildFile section */

/* Begin PBXContainerItemProxy section */
		CBAEB5C623999953009F054F /* PBXContainerItemProxy */ = {
			isa = PBXContainerItemProxy;
			containerPortal = CBAEB5A723999950009F054F /* Project object */;
			proxyType = 1;
			remoteGlobalIDString = CBAEB5AE23999950009F054F;
			remoteInfo = "Wayland-Civil-War";
		};
		CBAEB5D123999953009F054F /* PBXContainerItemProxy */ = {
			isa = PBXContainerItemProxy;
			containerPortal = CBAEB5A723999950009F054F /* Project object */;
			proxyType = 1;
			remoteGlobalIDString = CBAEB5AE23999950009F054F;
			remoteInfo = "Wayland-Civil-War";
		};
/* End PBXContainerItemProxy section */

/* Begin PBXFileReference section */
		0F3865FE23C632F10042B0CB /* CustomButton.swift */ = {isa = PBXFileReference; fileEncoding = 4; lastKnownFileType = sourcecode.swift; path = CustomButton.swift; sourceTree = "<group>"; };
		0F3865FF23C632F10042B0CB /* OnOffButton.swift */ = {isa = PBXFileReference; fileEncoding = 4; lastKnownFileType = sourcecode.swift; path = OnOffButton.swift; sourceTree = "<group>"; };
		0F38660023C632F10042B0CB /* PopUpViewController.swift */ = {isa = PBXFileReference; fileEncoding = 4; lastKnownFileType = sourcecode.swift; path = PopUpViewController.swift; sourceTree = "<group>"; };
		0F38660623C633040042B0CB /* Main.storyboard */ = {isa = PBXFileReference; fileEncoding = 4; lastKnownFileType = file.storyboard; path = Main.storyboard; sourceTree = "<group>"; };
		0F38661023D15B430042B0CB /* ProfileViewController.swift */ = {isa = PBXFileReference; lastKnownFileType = sourcecode.swift; path = ProfileViewController.swift; sourceTree = "<group>"; };
		0F38661823D8BC0C0042B0CB /* CardViewViewController.swift */ = {isa = PBXFileReference; lastKnownFileType = sourcecode.swift; path = CardViewViewController.swift; sourceTree = "<group>"; };
		0F38661A23DF5F350042B0CB /* ShopViewController.swift */ = {isa = PBXFileReference; fileEncoding = 4; lastKnownFileType = sourcecode.swift; path = ShopViewController.swift; sourceTree = "<group>"; };
		2152C10D78C6FFE5826BDE00 /* Pods_Wayland_Civil_WarTests.framework */ = {isa = PBXFileReference; explicitFileType = wrapper.framework; includeInIndex = 0; path = Pods_Wayland_Civil_WarTests.framework; sourceTree = BUILT_PRODUCTS_DIR; };
		319A96B43810A725A32EB642 /* Pods-Wayland-Civil-War-Wayland-Civil-WarUITests.debug.xcconfig */ = {isa = PBXFileReference; includeInIndex = 1; lastKnownFileType = text.xcconfig; name = "Pods-Wayland-Civil-War-Wayland-Civil-WarUITests.debug.xcconfig"; path = "Target Support Files/Pods-Wayland-Civil-War-Wayland-Civil-WarUITests/Pods-Wayland-Civil-War-Wayland-Civil-WarUITests.debug.xcconfig"; sourceTree = "<group>"; };
		41CF876C1FF16C7F216A5950 /* Pods-Wayland-Civil-War.debug.xcconfig */ = {isa = PBXFileReference; includeInIndex = 1; lastKnownFileType = text.xcconfig; name = "Pods-Wayland-Civil-War.debug.xcconfig"; path = "Target Support Files/Pods-Wayland-Civil-War/Pods-Wayland-Civil-War.debug.xcconfig"; sourceTree = "<group>"; };
		6886631323ABF2E30040E200 /* LoadingScreenViewController.swift */ = {isa = PBXFileReference; lastKnownFileType = sourcecode.swift; path = LoadingScreenViewController.swift; sourceTree = "<group>"; };
		6A56DE5C23AD8C29008A0C8F /* GoogleService-Info.plist */ = {isa = PBXFileReference; fileEncoding = 4; lastKnownFileType = text.plist.xml; path = "GoogleService-Info.plist"; sourceTree = "<group>"; };
		6A56DE6023ADE57E008A0C8F /* overlay.json */ = {isa = PBXFileReference; fileEncoding = 4; lastKnownFileType = text.json; path = overlay.json; sourceTree = "<group>"; };
		6A911AD723ADEF8E00FF2ED7 /* Game Test.gpx */ = {isa = PBXFileReference; lastKnownFileType = text.xml; path = "Game Test.gpx"; sourceTree = SOURCE_ROOT; };
		77C0789A2ACB66164554133C /* Pods-Wayland-Civil-WarTests.release.xcconfig */ = {isa = PBXFileReference; includeInIndex = 1; lastKnownFileType = text.xcconfig; name = "Pods-Wayland-Civil-WarTests.release.xcconfig"; path = "Target Support Files/Pods-Wayland-Civil-WarTests/Pods-Wayland-Civil-WarTests.release.xcconfig"; sourceTree = "<group>"; };
		935C2707242005713C5EA5FF /* Pods_Wayland_Civil_War.framework */ = {isa = PBXFileReference; explicitFileType = wrapper.framework; includeInIndex = 0; path = Pods_Wayland_Civil_War.framework; sourceTree = BUILT_PRODUCTS_DIR; };
		B05833378A493FC519981CDB /* Pods_Wayland_Civil_War_Wayland_Civil_WarUITests.framework */ = {isa = PBXFileReference; explicitFileType = wrapper.framework; includeInIndex = 0; path = Pods_Wayland_Civil_War_Wayland_Civil_WarUITests.framework; sourceTree = BUILT_PRODUCTS_DIR; };
		CBAEB5AF23999950009F054F /* Strife.app */ = {isa = PBXFileReference; explicitFileType = wrapper.application; includeInIndex = 0; path = Strife.app; sourceTree = BUILT_PRODUCTS_DIR; };
		CBAEB5B223999950009F054F /* AppDelegate.swift */ = {isa = PBXFileReference; lastKnownFileType = sourcecode.swift; path = AppDelegate.swift; sourceTree = "<group>"; };
		CBAEB5B423999950009F054F /* SceneDelegate.swift */ = {isa = PBXFileReference; lastKnownFileType = sourcecode.swift; path = SceneDelegate.swift; sourceTree = "<group>"; };
		CBAEB5B623999950009F054F /* MapViewController.swift */ = {isa = PBXFileReference; lastKnownFileType = sourcecode.swift; path = MapViewController.swift; sourceTree = "<group>"; };
		CBAEB5BB23999953009F054F /* Assets.xcassets */ = {isa = PBXFileReference; lastKnownFileType = folder.assetcatalog; path = Assets.xcassets; sourceTree = "<group>"; };
		CBAEB5BE23999953009F054F /* Base */ = {isa = PBXFileReference; lastKnownFileType = file.storyboard; name = Base; path = Base.lproj/LaunchScreen.storyboard; sourceTree = "<group>"; };
		CBAEB5C023999953009F054F /* Info.plist */ = {isa = PBXFileReference; lastKnownFileType = text.plist.xml; path = Info.plist; sourceTree = "<group>"; };
		CBAEB5C523999953009F054F /* Wayland-Civil-WarTests.xctest */ = {isa = PBXFileReference; explicitFileType = wrapper.cfbundle; includeInIndex = 0; path = "Wayland-Civil-WarTests.xctest"; sourceTree = BUILT_PRODUCTS_DIR; };
		CBAEB5C923999953009F054F /* Wayland_Civil_WarTests.swift */ = {isa = PBXFileReference; lastKnownFileType = sourcecode.swift; path = Wayland_Civil_WarTests.swift; sourceTree = "<group>"; };
		CBAEB5CB23999953009F054F /* Info.plist */ = {isa = PBXFileReference; lastKnownFileType = text.plist.xml; path = Info.plist; sourceTree = "<group>"; };
		CBAEB5D023999953009F054F /* Wayland-Civil-WarUITests.xctest */ = {isa = PBXFileReference; explicitFileType = wrapper.cfbundle; includeInIndex = 0; path = "Wayland-Civil-WarUITests.xctest"; sourceTree = BUILT_PRODUCTS_DIR; };
		CBAEB5D423999953009F054F /* Wayland_Civil_WarUITests.swift */ = {isa = PBXFileReference; lastKnownFileType = sourcecode.swift; path = Wayland_Civil_WarUITests.swift; sourceTree = "<group>"; };
		CBAEB5D623999953009F054F /* Info.plist */ = {isa = PBXFileReference; lastKnownFileType = text.plist.xml; path = Info.plist; sourceTree = "<group>"; };
		E24C21A7C2D273A84A47DB6B /* Pods-Wayland-Civil-War-Wayland-Civil-WarUITests.release.xcconfig */ = {isa = PBXFileReference; includeInIndex = 1; lastKnownFileType = text.xcconfig; name = "Pods-Wayland-Civil-War-Wayland-Civil-WarUITests.release.xcconfig"; path = "Target Support Files/Pods-Wayland-Civil-War-Wayland-Civil-WarUITests/Pods-Wayland-Civil-War-Wayland-Civil-WarUITests.release.xcconfig"; sourceTree = "<group>"; };
		E99CFAE51B95361C8B10FBC3 /* Pods-Wayland-Civil-War.release.xcconfig */ = {isa = PBXFileReference; includeInIndex = 1; lastKnownFileType = text.xcconfig; name = "Pods-Wayland-Civil-War.release.xcconfig"; path = "Target Support Files/Pods-Wayland-Civil-War/Pods-Wayland-Civil-War.release.xcconfig"; sourceTree = "<group>"; };
		EB33B686134D8C8D86825E84 /* Pods-Wayland-Civil-WarTests.debug.xcconfig */ = {isa = PBXFileReference; includeInIndex = 1; lastKnownFileType = text.xcconfig; name = "Pods-Wayland-Civil-WarTests.debug.xcconfig"; path = "Target Support Files/Pods-Wayland-Civil-WarTests/Pods-Wayland-Civil-WarTests.debug.xcconfig"; sourceTree = "<group>"; };
/* End PBXFileReference section */

/* Begin PBXFrameworksBuildPhase section */
		CBAEB5AC23999950009F054F /* Frameworks */ = {
			isa = PBXFrameworksBuildPhase;
			buildActionMask = 2147483647;
			files = (
				844FC822BBA76AE87553D8EE /* Pods_Wayland_Civil_War.framework in Frameworks */,
			);
			runOnlyForDeploymentPostprocessing = 0;
		};
		CBAEB5C223999953009F054F /* Frameworks */ = {
			isa = PBXFrameworksBuildPhase;
			buildActionMask = 2147483647;
			files = (
				06829AC6D162D2618FBD25B2 /* Pods_Wayland_Civil_WarTests.framework in Frameworks */,
			);
			runOnlyForDeploymentPostprocessing = 0;
		};
		CBAEB5CD23999953009F054F /* Frameworks */ = {
			isa = PBXFrameworksBuildPhase;
			buildActionMask = 2147483647;
			files = (
				D7AFB5FE104BF59AD2290016 /* Pods_Wayland_Civil_War_Wayland_Civil_WarUITests.framework in Frameworks */,
			);
			runOnlyForDeploymentPostprocessing = 0;
		};
/* End PBXFrameworksBuildPhase section */

/* Begin PBXGroup section */
		9A545E10A63CED47B14843DB /* Pods */ = {
			isa = PBXGroup;
			children = (
				41CF876C1FF16C7F216A5950 /* Pods-Wayland-Civil-War.debug.xcconfig */,
				E99CFAE51B95361C8B10FBC3 /* Pods-Wayland-Civil-War.release.xcconfig */,
				319A96B43810A725A32EB642 /* Pods-Wayland-Civil-War-Wayland-Civil-WarUITests.debug.xcconfig */,
				E24C21A7C2D273A84A47DB6B /* Pods-Wayland-Civil-War-Wayland-Civil-WarUITests.release.xcconfig */,
				EB33B686134D8C8D86825E84 /* Pods-Wayland-Civil-WarTests.debug.xcconfig */,
				77C0789A2ACB66164554133C /* Pods-Wayland-Civil-WarTests.release.xcconfig */,
			);
			path = Pods;
			sourceTree = "<group>";
		};
		CBAEB5A623999950009F054F = {
			isa = PBXGroup;
			children = (
				CBAEB5B123999950009F054F /* Wayland-Civil-War */,
				CBAEB5C823999953009F054F /* Wayland-Civil-WarTests */,
				CBAEB5D323999953009F054F /* Wayland-Civil-WarUITests */,
				CBAEB5B023999950009F054F /* Products */,
				9A545E10A63CED47B14843DB /* Pods */,
				F0FF204BCE1EB2E1192E9DD6 /* Frameworks */,
			);
			sourceTree = "<group>";
		};
		CBAEB5B023999950009F054F /* Products */ = {
			isa = PBXGroup;
			children = (
				CBAEB5AF23999950009F054F /* Strife.app */,
				CBAEB5C523999953009F054F /* Wayland-Civil-WarTests.xctest */,
				CBAEB5D023999953009F054F /* Wayland-Civil-WarUITests.xctest */,
			);
			name = Products;
			sourceTree = "<group>";
		};
		CBAEB5B123999950009F054F /* Wayland-Civil-War */ = {
			isa = PBXGroup;
			children = (
				0F38660623C633040042B0CB /* Main.storyboard */,
				CBAEB5BD23999953009F054F /* LaunchScreen.storyboard */,
				CBAEB5B223999950009F054F /* AppDelegate.swift */,
				0F3865FE23C632F10042B0CB /* CustomButton.swift */,
				0F3865FF23C632F10042B0CB /* OnOffButton.swift */,
				0F38660023C632F10042B0CB /* PopUpViewController.swift */,
				0F38661A23DF5F350042B0CB /* ShopViewController.swift */,
				CBAEB5B423999950009F054F /* SceneDelegate.swift */,
				CBAEB5B623999950009F054F /* MapViewController.swift */,
				6886631323ABF2E30040E200 /* LoadingScreenViewController.swift */,
				0F38661023D15B430042B0CB /* ProfileViewController.swift */,
				0F38661823D8BC0C0042B0CB /* CardViewViewController.swift */,
				6A911AD723ADEF8E00FF2ED7 /* Game Test.gpx */,
				6A56DE6023ADE57E008A0C8F /* overlay.json */,
				6A56DE5C23AD8C29008A0C8F /* GoogleService-Info.plist */,
				CBAEB5C023999953009F054F /* Info.plist */,
				CBAEB5BB23999953009F054F /* Assets.xcassets */,
			);
			path = "Wayland-Civil-War";
			sourceTree = "<group>";
		};
		CBAEB5C823999953009F054F /* Wayland-Civil-WarTests */ = {
			isa = PBXGroup;
			children = (
				CBAEB5C923999953009F054F /* Wayland_Civil_WarTests.swift */,
				CBAEB5CB23999953009F054F /* Info.plist */,
			);
			path = "Wayland-Civil-WarTests";
			sourceTree = "<group>";
		};
		CBAEB5D323999953009F054F /* Wayland-Civil-WarUITests */ = {
			isa = PBXGroup;
			children = (
				CBAEB5D423999953009F054F /* Wayland_Civil_WarUITests.swift */,
				CBAEB5D623999953009F054F /* Info.plist */,
			);
			path = "Wayland-Civil-WarUITests";
			sourceTree = "<group>";
		};
		F0FF204BCE1EB2E1192E9DD6 /* Frameworks */ = {
			isa = PBXGroup;
			children = (
				935C2707242005713C5EA5FF /* Pods_Wayland_Civil_War.framework */,
				B05833378A493FC519981CDB /* Pods_Wayland_Civil_War_Wayland_Civil_WarUITests.framework */,
				2152C10D78C6FFE5826BDE00 /* Pods_Wayland_Civil_WarTests.framework */,
			);
			name = Frameworks;
			sourceTree = "<group>";
		};
/* End PBXGroup section */

/* Begin PBXNativeTarget section */
		CBAEB5AE23999950009F054F /* Wayland-Civil-War */ = {
			isa = PBXNativeTarget;
			buildConfigurationList = CBAEB5D923999953009F054F /* Build configuration list for PBXNativeTarget "Wayland-Civil-War" */;
			buildPhases = (
				49629FACC092D68DFCE2DD31 /* [CP] Check Pods Manifest.lock */,
				CBAEB5AB23999950009F054F /* Sources */,
				CBAEB5AC23999950009F054F /* Frameworks */,
				CBAEB5AD23999950009F054F /* Resources */,
				F34D9DF9AE8EAAE903BAEBF2 /* [CP] Embed Pods Frameworks */,
				10B4DB22A36C34C4A7088631 /* [CP] Copy Pods Resources */,
			);
			buildRules = (
			);
			dependencies = (
			);
			name = "Wayland-Civil-War";
			productName = "Wayland-Civil-War";
			productReference = CBAEB5AF23999950009F054F /* Strife.app */;
			productType = "com.apple.product-type.application";
		};
		CBAEB5C423999953009F054F /* Wayland-Civil-WarTests */ = {
			isa = PBXNativeTarget;
			buildConfigurationList = CBAEB5DC23999953009F054F /* Build configuration list for PBXNativeTarget "Wayland-Civil-WarTests" */;
			buildPhases = (
				3DBB09187F0DF403D901B512 /* [CP] Check Pods Manifest.lock */,
				CBAEB5C123999953009F054F /* Sources */,
				CBAEB5C223999953009F054F /* Frameworks */,
				CBAEB5C323999953009F054F /* Resources */,
			);
			buildRules = (
			);
			dependencies = (
				CBAEB5C723999953009F054F /* PBXTargetDependency */,
			);
			name = "Wayland-Civil-WarTests";
			productName = "Wayland-Civil-WarTests";
			productReference = CBAEB5C523999953009F054F /* Wayland-Civil-WarTests.xctest */;
			productType = "com.apple.product-type.bundle.unit-test";
		};
		CBAEB5CF23999953009F054F /* Wayland-Civil-WarUITests */ = {
			isa = PBXNativeTarget;
			buildConfigurationList = CBAEB5DF23999953009F054F /* Build configuration list for PBXNativeTarget "Wayland-Civil-WarUITests" */;
			buildPhases = (
				9F2D02FEC20A6EDFCF5C606A /* [CP] Check Pods Manifest.lock */,
				CBAEB5CC23999953009F054F /* Sources */,
				CBAEB5CD23999953009F054F /* Frameworks */,
				CBAEB5CE23999953009F054F /* Resources */,
				C97F72C32AED2FF3439C0EE2 /* [CP] Embed Pods Frameworks */,
				50D088A448FF817DC3CDE63E /* [CP] Copy Pods Resources */,
			);
			buildRules = (
			);
			dependencies = (
				CBAEB5D223999953009F054F /* PBXTargetDependency */,
			);
			name = "Wayland-Civil-WarUITests";
			productName = "Wayland-Civil-WarUITests";
			productReference = CBAEB5D023999953009F054F /* Wayland-Civil-WarUITests.xctest */;
			productType = "com.apple.product-type.bundle.ui-testing";
		};
/* End PBXNativeTarget section */

/* Begin PBXProject section */
		CBAEB5A723999950009F054F /* Project object */ = {
			isa = PBXProject;
			attributes = {
				LastSwiftUpdateCheck = 1120;
				LastUpgradeCheck = 1120;
				ORGANIZATIONNAME = HACS;
				TargetAttributes = {
					CBAEB5AE23999950009F054F = {
						CreatedOnToolsVersion = 11.2.1;
					};
					CBAEB5C423999953009F054F = {
						CreatedOnToolsVersion = 11.2.1;
						TestTargetID = CBAEB5AE23999950009F054F;
					};
					CBAEB5CF23999953009F054F = {
						CreatedOnToolsVersion = 11.2.1;
						TestTargetID = CBAEB5AE23999950009F054F;
					};
				};
			};
			buildConfigurationList = CBAEB5AA23999950009F054F /* Build configuration list for PBXProject "Wayland-Civil-War" */;
			compatibilityVersion = "Xcode 9.3";
			developmentRegion = en;
			hasScannedForEncodings = 0;
			knownRegions = (
				en,
				Base,
			);
			mainGroup = CBAEB5A623999950009F054F;
			productRefGroup = CBAEB5B023999950009F054F /* Products */;
			projectDirPath = "";
			projectRoot = "";
			targets = (
				CBAEB5AE23999950009F054F /* Wayland-Civil-War */,
				CBAEB5C423999953009F054F /* Wayland-Civil-WarTests */,
				CBAEB5CF23999953009F054F /* Wayland-Civil-WarUITests */,
			);
		};
/* End PBXProject section */

/* Begin PBXResourcesBuildPhase section */
		CBAEB5AD23999950009F054F /* Resources */ = {
			isa = PBXResourcesBuildPhase;
			buildActionMask = 2147483647;
			files = (
				6A56DE6123ADE57E008A0C8F /* overlay.json in Resources */,
				CBAEB5BF23999953009F054F /* LaunchScreen.storyboard in Resources */,
				CBAEB5BC23999953009F054F /* Assets.xcassets in Resources */,
				0F38660723C633040042B0CB /* Main.storyboard in Resources */,
				6A911AD823ADEF9400FF2ED7 /* Game Test.gpx in Resources */,
				6A56DE5D23AD8C29008A0C8F /* GoogleService-Info.plist in Resources */,
			);
			runOnlyForDeploymentPostprocessing = 0;
		};
		CBAEB5C323999953009F054F /* Resources */ = {
			isa = PBXResourcesBuildPhase;
			buildActionMask = 2147483647;
			files = (
			);
			runOnlyForDeploymentPostprocessing = 0;
		};
		CBAEB5CE23999953009F054F /* Resources */ = {
			isa = PBXResourcesBuildPhase;
			buildActionMask = 2147483647;
			files = (
			);
			runOnlyForDeploymentPostprocessing = 0;
		};
/* End PBXResourcesBuildPhase section */

/* Begin PBXShellScriptBuildPhase section */
		10B4DB22A36C34C4A7088631 /* [CP] Copy Pods Resources */ = {
			isa = PBXShellScriptBuildPhase;
			buildActionMask = 2147483647;
			files = (
			);
			inputFileListPaths = (
				"${PODS_ROOT}/Target Support Files/Pods-Wayland-Civil-War/Pods-Wayland-Civil-War-resources-${CONFIGURATION}-input-files.xcfilelist",
			);
			name = "[CP] Copy Pods Resources";
			outputFileListPaths = (
				"${PODS_ROOT}/Target Support Files/Pods-Wayland-Civil-War/Pods-Wayland-Civil-War-resources-${CONFIGURATION}-output-files.xcfilelist",
			);
			runOnlyForDeploymentPostprocessing = 0;
			shellPath = /bin/sh;
			shellScript = "\"${PODS_ROOT}/Target Support Files/Pods-Wayland-Civil-War/Pods-Wayland-Civil-War-resources.sh\"\n";
			showEnvVarsInLog = 0;
		};
		3DBB09187F0DF403D901B512 /* [CP] Check Pods Manifest.lock */ = {
			isa = PBXShellScriptBuildPhase;
			buildActionMask = 2147483647;
			files = (
			);
			inputFileListPaths = (
			);
			inputPaths = (
				"${PODS_PODFILE_DIR_PATH}/Podfile.lock",
				"${PODS_ROOT}/Manifest.lock",
			);
			name = "[CP] Check Pods Manifest.lock";
			outputFileListPaths = (
			);
			outputPaths = (
				"$(DERIVED_FILE_DIR)/Pods-Wayland-Civil-WarTests-checkManifestLockResult.txt",
			);
			runOnlyForDeploymentPostprocessing = 0;
			shellPath = /bin/sh;
			shellScript = "diff \"${PODS_PODFILE_DIR_PATH}/Podfile.lock\" \"${PODS_ROOT}/Manifest.lock\" > /dev/null\nif [ $? != 0 ] ; then\n    # print error to STDERR\n    echo \"error: The sandbox is not in sync with the Podfile.lock. Run 'pod install' or update your CocoaPods installation.\" >&2\n    exit 1\nfi\n# This output is used by Xcode 'outputs' to avoid re-running this script phase.\necho \"SUCCESS\" > \"${SCRIPT_OUTPUT_FILE_0}\"\n";
			showEnvVarsInLog = 0;
		};
		49629FACC092D68DFCE2DD31 /* [CP] Check Pods Manifest.lock */ = {
			isa = PBXShellScriptBuildPhase;
			buildActionMask = 2147483647;
			files = (
			);
			inputFileListPaths = (
			);
			inputPaths = (
				"${PODS_PODFILE_DIR_PATH}/Podfile.lock",
				"${PODS_ROOT}/Manifest.lock",
			);
			name = "[CP] Check Pods Manifest.lock";
			outputFileListPaths = (
			);
			outputPaths = (
				"$(DERIVED_FILE_DIR)/Pods-Wayland-Civil-War-checkManifestLockResult.txt",
			);
			runOnlyForDeploymentPostprocessing = 0;
			shellPath = /bin/sh;
			shellScript = "diff \"${PODS_PODFILE_DIR_PATH}/Podfile.lock\" \"${PODS_ROOT}/Manifest.lock\" > /dev/null\nif [ $? != 0 ] ; then\n    # print error to STDERR\n    echo \"error: The sandbox is not in sync with the Podfile.lock. Run 'pod install' or update your CocoaPods installation.\" >&2\n    exit 1\nfi\n# This output is used by Xcode 'outputs' to avoid re-running this script phase.\necho \"SUCCESS\" > \"${SCRIPT_OUTPUT_FILE_0}\"\n";
			showEnvVarsInLog = 0;
		};
		50D088A448FF817DC3CDE63E /* [CP] Copy Pods Resources */ = {
			isa = PBXShellScriptBuildPhase;
			buildActionMask = 2147483647;
			files = (
			);
			inputFileListPaths = (
				"${PODS_ROOT}/Target Support Files/Pods-Wayland-Civil-War-Wayland-Civil-WarUITests/Pods-Wayland-Civil-War-Wayland-Civil-WarUITests-resources-${CONFIGURATION}-input-files.xcfilelist",
			);
			name = "[CP] Copy Pods Resources";
			outputFileListPaths = (
				"${PODS_ROOT}/Target Support Files/Pods-Wayland-Civil-War-Wayland-Civil-WarUITests/Pods-Wayland-Civil-War-Wayland-Civil-WarUITests-resources-${CONFIGURATION}-output-files.xcfilelist",
			);
			runOnlyForDeploymentPostprocessing = 0;
			shellPath = /bin/sh;
			shellScript = "\"${PODS_ROOT}/Target Support Files/Pods-Wayland-Civil-War-Wayland-Civil-WarUITests/Pods-Wayland-Civil-War-Wayland-Civil-WarUITests-resources.sh\"\n";
			showEnvVarsInLog = 0;
		};
		9F2D02FEC20A6EDFCF5C606A /* [CP] Check Pods Manifest.lock */ = {
			isa = PBXShellScriptBuildPhase;
			buildActionMask = 2147483647;
			files = (
			);
			inputFileListPaths = (
			);
			inputPaths = (
				"${PODS_PODFILE_DIR_PATH}/Podfile.lock",
				"${PODS_ROOT}/Manifest.lock",
			);
			name = "[CP] Check Pods Manifest.lock";
			outputFileListPaths = (
			);
			outputPaths = (
				"$(DERIVED_FILE_DIR)/Pods-Wayland-Civil-War-Wayland-Civil-WarUITests-checkManifestLockResult.txt",
			);
			runOnlyForDeploymentPostprocessing = 0;
			shellPath = /bin/sh;
			shellScript = "diff \"${PODS_PODFILE_DIR_PATH}/Podfile.lock\" \"${PODS_ROOT}/Manifest.lock\" > /dev/null\nif [ $? != 0 ] ; then\n    # print error to STDERR\n    echo \"error: The sandbox is not in sync with the Podfile.lock. Run 'pod install' or update your CocoaPods installation.\" >&2\n    exit 1\nfi\n# This output is used by Xcode 'outputs' to avoid re-running this script phase.\necho \"SUCCESS\" > \"${SCRIPT_OUTPUT_FILE_0}\"\n";
			showEnvVarsInLog = 0;
		};
		C97F72C32AED2FF3439C0EE2 /* [CP] Embed Pods Frameworks */ = {
			isa = PBXShellScriptBuildPhase;
			buildActionMask = 2147483647;
			files = (
			);
			inputFileListPaths = (
				"${PODS_ROOT}/Target Support Files/Pods-Wayland-Civil-War-Wayland-Civil-WarUITests/Pods-Wayland-Civil-War-Wayland-Civil-WarUITests-frameworks-${CONFIGURATION}-input-files.xcfilelist",
			);
			name = "[CP] Embed Pods Frameworks";
			outputFileListPaths = (
				"${PODS_ROOT}/Target Support Files/Pods-Wayland-Civil-War-Wayland-Civil-WarUITests/Pods-Wayland-Civil-War-Wayland-Civil-WarUITests-frameworks-${CONFIGURATION}-output-files.xcfilelist",
			);
			runOnlyForDeploymentPostprocessing = 0;
			shellPath = /bin/sh;
			shellScript = "\"${PODS_ROOT}/Target Support Files/Pods-Wayland-Civil-War-Wayland-Civil-WarUITests/Pods-Wayland-Civil-War-Wayland-Civil-WarUITests-frameworks.sh\"\n";
			showEnvVarsInLog = 0;
		};
		F34D9DF9AE8EAAE903BAEBF2 /* [CP] Embed Pods Frameworks */ = {
			isa = PBXShellScriptBuildPhase;
			buildActionMask = 2147483647;
			files = (
			);
			inputFileListPaths = (
				"${PODS_ROOT}/Target Support Files/Pods-Wayland-Civil-War/Pods-Wayland-Civil-War-frameworks-${CONFIGURATION}-input-files.xcfilelist",
			);
			name = "[CP] Embed Pods Frameworks";
			outputFileListPaths = (
				"${PODS_ROOT}/Target Support Files/Pods-Wayland-Civil-War/Pods-Wayland-Civil-War-frameworks-${CONFIGURATION}-output-files.xcfilelist",
			);
			runOnlyForDeploymentPostprocessing = 0;
			shellPath = /bin/sh;
			shellScript = "\"${PODS_ROOT}/Target Support Files/Pods-Wayland-Civil-War/Pods-Wayland-Civil-War-frameworks.sh\"\n";
			showEnvVarsInLog = 0;
		};
/* End PBXShellScriptBuildPhase section */

/* Begin PBXSourcesBuildPhase section */
		CBAEB5AB23999950009F054F /* Sources */ = {
			isa = PBXSourcesBuildPhase;
			buildActionMask = 2147483647;
			files = (
				0F38660323C632F20042B0CB /* OnOffButton.swift in Sources */,
				CBAEB5B723999950009F054F /* MapViewController.swift in Sources */,
				0F38661B23DF5F350042B0CB /* ShopViewController.swift in Sources */,
				0F38661123D15B430042B0CB /* ProfileViewController.swift in Sources */,
				0F38660423C632F20042B0CB /* PopUpViewController.swift in Sources */,
				CBAEB5B323999950009F054F /* AppDelegate.swift in Sources */,
				CBAEB5B523999950009F054F /* SceneDelegate.swift in Sources */,
				0F38661923D8BC0C0042B0CB /* CardViewViewController.swift in Sources */,
				6886631423ABF2E30040E200 /* LoadingScreenViewController.swift in Sources */,
				0F38660223C632F20042B0CB /* CustomButton.swift in Sources */,
			);
			runOnlyForDeploymentPostprocessing = 0;
		};
		CBAEB5C123999953009F054F /* Sources */ = {
			isa = PBXSourcesBuildPhase;
			buildActionMask = 2147483647;
			files = (
				CBAEB5CA23999953009F054F /* Wayland_Civil_WarTests.swift in Sources */,
			);
			runOnlyForDeploymentPostprocessing = 0;
		};
		CBAEB5CC23999953009F054F /* Sources */ = {
			isa = PBXSourcesBuildPhase;
			buildActionMask = 2147483647;
			files = (
				CBAEB5D523999953009F054F /* Wayland_Civil_WarUITests.swift in Sources */,
			);
			runOnlyForDeploymentPostprocessing = 0;
		};
/* End PBXSourcesBuildPhase section */

/* Begin PBXTargetDependency section */
		CBAEB5C723999953009F054F /* PBXTargetDependency */ = {
			isa = PBXTargetDependency;
			target = CBAEB5AE23999950009F054F /* Wayland-Civil-War */;
			targetProxy = CBAEB5C623999953009F054F /* PBXContainerItemProxy */;
		};
		CBAEB5D223999953009F054F /* PBXTargetDependency */ = {
			isa = PBXTargetDependency;
			target = CBAEB5AE23999950009F054F /* Wayland-Civil-War */;
			targetProxy = CBAEB5D123999953009F054F /* PBXContainerItemProxy */;
		};
/* End PBXTargetDependency section */

/* Begin PBXVariantGroup section */
		CBAEB5BD23999953009F054F /* LaunchScreen.storyboard */ = {
			isa = PBXVariantGroup;
			children = (
				CBAEB5BE23999953009F054F /* Base */,
			);
			name = LaunchScreen.storyboard;
			sourceTree = "<group>";
		};
/* End PBXVariantGroup section */

/* Begin XCBuildConfiguration section */
		CBAEB5D723999953009F054F /* Debug */ = {
			isa = XCBuildConfiguration;
			buildSettings = {
				ALWAYS_SEARCH_USER_PATHS = NO;
				CLANG_ANALYZER_NONNULL = YES;
				CLANG_ANALYZER_NUMBER_OBJECT_CONVERSION = YES_AGGRESSIVE;
				CLANG_CXX_LANGUAGE_STANDARD = "gnu++14";
				CLANG_CXX_LIBRARY = "libc++";
				CLANG_ENABLE_MODULES = YES;
				CLANG_ENABLE_OBJC_ARC = YES;
				CLANG_ENABLE_OBJC_WEAK = YES;
				CLANG_WARN_BLOCK_CAPTURE_AUTORELEASING = YES;
				CLANG_WARN_BOOL_CONVERSION = YES;
				CLANG_WARN_COMMA = YES;
				CLANG_WARN_CONSTANT_CONVERSION = YES;
				CLANG_WARN_DEPRECATED_OBJC_IMPLEMENTATIONS = YES;
				CLANG_WARN_DIRECT_OBJC_ISA_USAGE = YES_ERROR;
				CLANG_WARN_DOCUMENTATION_COMMENTS = YES;
				CLANG_WARN_EMPTY_BODY = YES;
				CLANG_WARN_ENUM_CONVERSION = YES;
				CLANG_WARN_INFINITE_RECURSION = YES;
				CLANG_WARN_INT_CONVERSION = YES;
				CLANG_WARN_NON_LITERAL_NULL_CONVERSION = YES;
				CLANG_WARN_OBJC_IMPLICIT_RETAIN_SELF = YES;
				CLANG_WARN_OBJC_LITERAL_CONVERSION = YES;
				CLANG_WARN_OBJC_ROOT_CLASS = YES_ERROR;
				CLANG_WARN_RANGE_LOOP_ANALYSIS = YES;
				CLANG_WARN_STRICT_PROTOTYPES = YES;
				CLANG_WARN_SUSPICIOUS_MOVE = YES;
				CLANG_WARN_UNGUARDED_AVAILABILITY = YES_AGGRESSIVE;
				CLANG_WARN_UNREACHABLE_CODE = YES;
				CLANG_WARN__DUPLICATE_METHOD_MATCH = YES;
				COPY_PHASE_STRIP = NO;
				DEBUG_INFORMATION_FORMAT = dwarf;
				ENABLE_STRICT_OBJC_MSGSEND = YES;
				ENABLE_TESTABILITY = YES;
				GCC_C_LANGUAGE_STANDARD = gnu11;
				GCC_DYNAMIC_NO_PIC = NO;
				GCC_NO_COMMON_BLOCKS = YES;
				GCC_OPTIMIZATION_LEVEL = 0;
				GCC_PREPROCESSOR_DEFINITIONS = (
					"DEBUG=1",
					"$(inherited)",
				);
				GCC_WARN_64_TO_32_BIT_CONVERSION = YES;
				GCC_WARN_ABOUT_RETURN_TYPE = YES_ERROR;
				GCC_WARN_UNDECLARED_SELECTOR = YES;
				GCC_WARN_UNINITIALIZED_AUTOS = YES_AGGRESSIVE;
				GCC_WARN_UNUSED_FUNCTION = YES;
				GCC_WARN_UNUSED_VARIABLE = YES;
				IPHONEOS_DEPLOYMENT_TARGET = 13.2;
				MTL_ENABLE_DEBUG_INFO = INCLUDE_SOURCE;
				MTL_FAST_MATH = YES;
				ONLY_ACTIVE_ARCH = YES;
				SDKROOT = iphoneos;
				SWIFT_ACTIVE_COMPILATION_CONDITIONS = DEBUG;
				SWIFT_OPTIMIZATION_LEVEL = "-Onone";
			};
			name = Debug;
		};
		CBAEB5D823999953009F054F /* Release */ = {
			isa = XCBuildConfiguration;
			buildSettings = {
				ALWAYS_SEARCH_USER_PATHS = NO;
				CLANG_ANALYZER_NONNULL = YES;
				CLANG_ANALYZER_NUMBER_OBJECT_CONVERSION = YES_AGGRESSIVE;
				CLANG_CXX_LANGUAGE_STANDARD = "gnu++14";
				CLANG_CXX_LIBRARY = "libc++";
				CLANG_ENABLE_MODULES = YES;
				CLANG_ENABLE_OBJC_ARC = YES;
				CLANG_ENABLE_OBJC_WEAK = YES;
				CLANG_WARN_BLOCK_CAPTURE_AUTORELEASING = YES;
				CLANG_WARN_BOOL_CONVERSION = YES;
				CLANG_WARN_COMMA = YES;
				CLANG_WARN_CONSTANT_CONVERSION = YES;
				CLANG_WARN_DEPRECATED_OBJC_IMPLEMENTATIONS = YES;
				CLANG_WARN_DIRECT_OBJC_ISA_USAGE = YES_ERROR;
				CLANG_WARN_DOCUMENTATION_COMMENTS = YES;
				CLANG_WARN_EMPTY_BODY = YES;
				CLANG_WARN_ENUM_CONVERSION = YES;
				CLANG_WARN_INFINITE_RECURSION = YES;
				CLANG_WARN_INT_CONVERSION = YES;
				CLANG_WARN_NON_LITERAL_NULL_CONVERSION = YES;
				CLANG_WARN_OBJC_IMPLICIT_RETAIN_SELF = YES;
				CLANG_WARN_OBJC_LITERAL_CONVERSION = YES;
				CLANG_WARN_OBJC_ROOT_CLASS = YES_ERROR;
				CLANG_WARN_RANGE_LOOP_ANALYSIS = YES;
				CLANG_WARN_STRICT_PROTOTYPES = YES;
				CLANG_WARN_SUSPICIOUS_MOVE = YES;
				CLANG_WARN_UNGUARDED_AVAILABILITY = YES_AGGRESSIVE;
				CLANG_WARN_UNREACHABLE_CODE = YES;
				CLANG_WARN__DUPLICATE_METHOD_MATCH = YES;
				COPY_PHASE_STRIP = NO;
				DEBUG_INFORMATION_FORMAT = "dwarf-with-dsym";
				ENABLE_NS_ASSERTIONS = NO;
				ENABLE_STRICT_OBJC_MSGSEND = YES;
				GCC_C_LANGUAGE_STANDARD = gnu11;
				GCC_NO_COMMON_BLOCKS = YES;
				GCC_WARN_64_TO_32_BIT_CONVERSION = YES;
				GCC_WARN_ABOUT_RETURN_TYPE = YES_ERROR;
				GCC_WARN_UNDECLARED_SELECTOR = YES;
				GCC_WARN_UNINITIALIZED_AUTOS = YES_AGGRESSIVE;
				GCC_WARN_UNUSED_FUNCTION = YES;
				GCC_WARN_UNUSED_VARIABLE = YES;
				IPHONEOS_DEPLOYMENT_TARGET = 13.2;
				MTL_ENABLE_DEBUG_INFO = NO;
				MTL_FAST_MATH = YES;
				SDKROOT = iphoneos;
				SWIFT_COMPILATION_MODE = wholemodule;
				SWIFT_OPTIMIZATION_LEVEL = "-O";
				VALIDATE_PRODUCT = YES;
			};
			name = Release;
		};
		CBAEB5DA23999953009F054F /* Debug */ = {
			isa = XCBuildConfiguration;
			baseConfigurationReference = 41CF876C1FF16C7F216A5950 /* Pods-Wayland-Civil-War.debug.xcconfig */;
			buildSettings = {
				ASSETCATALOG_COMPILER_APPICON_NAME = AppIcon;
				CODE_SIGN_STYLE = Automatic;
				DEVELOPMENT_TEAM = SN4622MCZZ;
				INFOPLIST_FILE = "Wayland-Civil-War/Info.plist";
				LD_RUNPATH_SEARCH_PATHS = (
					"$(inherited)",
					"@executable_path/Frameworks",
				);
				PRODUCT_BUNDLE_IDENTIFIER = "Strife-hacs.HACS";
				PRODUCT_NAME = Strife;
				SWIFT_VERSION = 5.0;
				TARGETED_DEVICE_FAMILY = "1,2";
			};
			name = Debug;
		};
		CBAEB5DB23999953009F054F /* Release */ = {
			isa = XCBuildConfiguration;
			baseConfigurationReference = E99CFAE51B95361C8B10FBC3 /* Pods-Wayland-Civil-War.release.xcconfig */;
			buildSettings = {
				ASSETCATALOG_COMPILER_APPICON_NAME = AppIcon;
				CODE_SIGN_STYLE = Automatic;
				DEVELOPMENT_TEAM = SN4622MCZZ;
				INFOPLIST_FILE = "Wayland-Civil-War/Info.plist";
				LD_RUNPATH_SEARCH_PATHS = (
					"$(inherited)",
					"@executable_path/Frameworks",
				);
				PRODUCT_BUNDLE_IDENTIFIER = "Strife-hacs.HACS";
				PRODUCT_NAME = Strife;
				SWIFT_VERSION = 5.0;
				TARGETED_DEVICE_FAMILY = "1,2";
			};
			name = Release;
		};
		CBAEB5DD23999953009F054F /* Debug */ = {
			isa = XCBuildConfiguration;
			baseConfigurationReference = EB33B686134D8C8D86825E84 /* Pods-Wayland-Civil-WarTests.debug.xcconfig */;
			buildSettings = {
				ALWAYS_EMBED_SWIFT_STANDARD_LIBRARIES = YES;
				BUNDLE_LOADER = "$(TEST_HOST)";
				CODE_SIGN_STYLE = Automatic;
				INFOPLIST_FILE = "Wayland-Civil-WarTests/Info.plist";
				IPHONEOS_DEPLOYMENT_TARGET = 13.2;
				LD_RUNPATH_SEARCH_PATHS = (
					"$(inherited)",
					"@executable_path/Frameworks",
					"@loader_path/Frameworks",
				);
				PRODUCT_BUNDLE_IDENTIFIER = "com.HACS.Wayland-Civil-WarTests";
				PRODUCT_NAME = "$(TARGET_NAME)";
				SWIFT_VERSION = 5.0;
				TARGETED_DEVICE_FAMILY = "1,2";
				TEST_HOST = "$(BUILT_PRODUCTS_DIR)/Wayland-Civil-War.app/Wayland-Civil-War";
			};
			name = Debug;
		};
		CBAEB5DE23999953009F054F /* Release */ = {
			isa = XCBuildConfiguration;
			baseConfigurationReference = 77C0789A2ACB66164554133C /* Pods-Wayland-Civil-WarTests.release.xcconfig */;
			buildSettings = {
				ALWAYS_EMBED_SWIFT_STANDARD_LIBRARIES = YES;
				BUNDLE_LOADER = "$(TEST_HOST)";
				CODE_SIGN_STYLE = Automatic;
				INFOPLIST_FILE = "Wayland-Civil-WarTests/Info.plist";
				IPHONEOS_DEPLOYMENT_TARGET = 13.2;
				LD_RUNPATH_SEARCH_PATHS = (
					"$(inherited)",
					"@executable_path/Frameworks",
					"@loader_path/Frameworks",
				);
				PRODUCT_BUNDLE_IDENTIFIER = "com.HACS.Wayland-Civil-WarTests";
				PRODUCT_NAME = "$(TARGET_NAME)";
				SWIFT_VERSION = 5.0;
				TARGETED_DEVICE_FAMILY = "1,2";
				TEST_HOST = "$(BUILT_PRODUCTS_DIR)/Wayland-Civil-War.app/Wayland-Civil-War";
			};
			name = Release;
		};
		CBAEB5E023999953009F054F /* Debug */ = {
			isa = XCBuildConfiguration;
			baseConfigurationReference = 319A96B43810A725A32EB642 /* Pods-Wayland-Civil-War-Wayland-Civil-WarUITests.debug.xcconfig */;
			buildSettings = {
				ALWAYS_EMBED_SWIFT_STANDARD_LIBRARIES = YES;
				CODE_SIGN_STYLE = Automatic;
				INFOPLIST_FILE = "Wayland-Civil-WarUITests/Info.plist";
				LD_RUNPATH_SEARCH_PATHS = (
					"$(inherited)",
					"@executable_path/Frameworks",
					"@loader_path/Frameworks",
				);
				PRODUCT_BUNDLE_IDENTIFIER = "com.HACS.Wayland-Civil-WarUITests";
				PRODUCT_NAME = "$(TARGET_NAME)";
				SWIFT_VERSION = 5.0;
				TARGETED_DEVICE_FAMILY = "1,2";
				TEST_TARGET_NAME = "Wayland-Civil-War";
			};
			name = Debug;
		};
		CBAEB5E123999953009F054F /* Release */ = {
			isa = XCBuildConfiguration;
			baseConfigurationReference = E24C21A7C2D273A84A47DB6B /* Pods-Wayland-Civil-War-Wayland-Civil-WarUITests.release.xcconfig */;
			buildSettings = {
				ALWAYS_EMBED_SWIFT_STANDARD_LIBRARIES = YES;
				CODE_SIGN_STYLE = Automatic;
				INFOPLIST_FILE = "Wayland-Civil-WarUITests/Info.plist";
				LD_RUNPATH_SEARCH_PATHS = (
					"$(inherited)",
					"@executable_path/Frameworks",
					"@loader_path/Frameworks",
				);
				PRODUCT_BUNDLE_IDENTIFIER = "com.HACS.Wayland-Civil-WarUITests";
				PRODUCT_NAME = "$(TARGET_NAME)";
				SWIFT_VERSION = 5.0;
				TARGETED_DEVICE_FAMILY = "1,2";
				TEST_TARGET_NAME = "Wayland-Civil-War";
			};
			name = Release;
		};
/* End XCBuildConfiguration section */

/* Begin XCConfigurationList section */
		CBAEB5AA23999950009F054F /* Build configuration list for PBXProject "Wayland-Civil-War" */ = {
			isa = XCConfigurationList;
			buildConfigurations = (
				CBAEB5D723999953009F054F /* Debug */,
				CBAEB5D823999953009F054F /* Release */,
			);
			defaultConfigurationIsVisible = 0;
			defaultConfigurationName = Release;
		};
		CBAEB5D923999953009F054F /* Build configuration list for PBXNativeTarget "Wayland-Civil-War" */ = {
			isa = XCConfigurationList;
			buildConfigurations = (
				CBAEB5DA23999953009F054F /* Debug */,
				CBAEB5DB23999953009F054F /* Release */,
			);
			defaultConfigurationIsVisible = 0;
			defaultConfigurationName = Release;
		};
		CBAEB5DC23999953009F054F /* Build configuration list for PBXNativeTarget "Wayland-Civil-WarTests" */ = {
			isa = XCConfigurationList;
			buildConfigurations = (
				CBAEB5DD23999953009F054F /* Debug */,
				CBAEB5DE23999953009F054F /* Release */,
			);
			defaultConfigurationIsVisible = 0;
			defaultConfigurationName = Release;
		};
		CBAEB5DF23999953009F054F /* Build configuration list for PBXNativeTarget "Wayland-Civil-WarUITests" */ = {
			isa = XCConfigurationList;
			buildConfigurations = (
				CBAEB5E023999953009F054F /* Debug */,
				CBAEB5E123999953009F054F /* Release */,
			);
			defaultConfigurationIsVisible = 0;
			defaultConfigurationName = Release;
		};
/* End XCConfigurationList section */
	};
	rootObject = CBAEB5A723999950009F054F /* Project object */;
}
